<?xml version="1.0" encoding="utf-8"?>
<Project ToolsVersion="4.0" xmlns="http://schemas.microsoft.com/developer/msbuild/2003">
  <ItemGroup>
    <Filter Include="Quelldateien">
      <UniqueIdentifier>{4FC737F1-C7A5-4376-A066-2A32D752A2FF}</UniqueIdentifier>
      <Extensions>cpp;c;cc;cxx;def;odl;idl;hpj;bat;asm;asmx</Extensions>
    </Filter>
    <Filter Include="Headerdateien">
      <UniqueIdentifier>{93995380-89BD-4b04-88EB-625FBE52EBFB}</UniqueIdentifier>
      <Extensions>h;hh;hpp;hxx;hm;inl;inc;xsd</Extensions>
    </Filter>
    <Filter Include="Ressourcendateien">
      <UniqueIdentifier>{67DA6AB6-F800-4c08-8B7A-83BB121AAD01}</UniqueIdentifier>
      <Extensions>rc;ico;cur;bmp;dlg;rc2;rct;bin;rgs;gif;jpg;jpeg;jpe;resx;tiff;tif;png;wav;mfcribbon-ms</Extensions>
    </Filter>
  </ItemGroup>
  <ItemGroup>
    <ClInclude Include="Sources\HID_Keyboard.hpp">
      <Filter>Headerdateien</Filter>
    </ClInclude>
    <ClInclude Include="Sources\HID_Mouse.hpp">
      <Filter>Headerdateien</Filter>
    </ClInclude>
    <ClInclude Include="Sources\Tools_ErrorHandling.hpp">
      <Filter>Headerdateien</Filter>
    </ClInclude>
    <ClInclude Include="Sources\Game_WeaponHandling.hpp">
      <Filter>Headerdateien</Filter>
    </ClInclude>
    <ClInclude Include="Sources\Game_LevelHandling.hpp">
      <Filter>Headerdateien</Filter>
    </ClInclude>
    <ClInclude Include="Sources\Game_EntityHandling.hpp">
      <Filter>Headerdateien</Filter>
    </ClInclude>
    <ClInclude Include="Sources\Game_SkyboxHandling.hpp">
      <Filter>Headerdateien</Filter>
    </ClInclude>
    <ClInclude Include="Sources\Game_GlobalDefinitions.hpp">
      <Filter>Headerdateien</Filter>
    </ClInclude>
    <ClInclude Include="Sources\Game_Config.hpp">
      <Filter>Headerdateien</Filter>
    </ClInclude>
    <ClInclude Include="Sources\Game_PreGame.hpp">
      <Filter>Headerdateien</Filter>
    </ClInclude>
    <ClInclude Include="Sources\Game_DataStructures.hpp">
      <Filter>Headerdateien</Filter>
    </ClInclude>
    <ClInclude Include="Sources\GFX_LightingClass.hpp">
      <Filter>Headerdateien</Filter>
    </ClInclude>
    <ClInclude Include="Sources\Game_PlayerClass.hpp">
      <Filter>Headerdateien</Filter>
    </ClInclude>
    <ClInclude Include="Sources\Game_MenuClass.hpp">
      <Filter>Headerdateien</Filter>
    </ClInclude>
    <ClInclude Include="Sources\Game_HealthBarClass.hpp">
      <Filter>Headerdateien</Filter>
    </ClInclude>
    <ClInclude Include="Sources\Game_MinimapClass.hpp">
      <Filter>Headerdateien</Filter>
    </ClInclude>
    <ClInclude Include="Sources\Game_WeaponDisplayClass.hpp">
      <Filter>Headerdateien</Filter>
    </ClInclude>
    <ClInclude Include="Sources\Game_Doors.hpp">
      <Filter>Headerdateien</Filter>
    </ClInclude>
    <ClInclude Include="Sources\Game_Transitions.hpp">
      <Filter>Headerdateien</Filter>
    </ClInclude>
    <ClInclude Include="Sources\Game_Raycaster.hpp">
      <Filter>Headerdateien</Filter>
    </ClInclude>
    <ClInclude Include="Sources\Game_PathFinding.hpp">
      <Filter>Headerdateien</Filter>
    </ClInclude>
    <ClInclude Include="Sources\GFX_ImageHandling.hpp">
      <Filter>Headerdateien</Filter>
    </ClInclude>
    <ClInclude Include="Sources\Tools_Cleanup.hpp">
      <Filter>Headerdateien</Filter>
    </ClInclude>
    <ClInclude Include="Sources\GFX_TextClass.hpp">
      <Filter>Headerdateien</Filter>
    </ClInclude>
    <ClInclude Include="Sources\Tools_Console.hpp">
      <Filter>Headerdateien</Filter>
    </ClInclude>
    <ClInclude Include="Sources\GFX_Window.hpp">
      <Filter>Headerdateien</Filter>
    </ClInclude>
    <ClInclude Include="Sources\HID_Gamepad.hpp">
      <Filter>Headerdateien</Filter>
    </ClInclude>
    <ClInclude Include="Sources\Game_Effects.hpp">
      <Filter>Headerdateien</Filter>
    </ClInclude>
    <ClInclude Include="Sources\Game_Folder.hpp">
      <Filter>Headerdateien</Filter>
    </ClInclude>
  </ItemGroup>
  <ItemGroup>
    <ClCompile Include="Sources\NARC.cpp">
      <Filter>Quelldateien</Filter>
    </ClCompile>
  </ItemGroup>
</Project>